
Microsoft Visual Studio Solution File, Format Version 12.00
# Visual Studio Version 17
VisualStudioVersion = 17.13.35931.197 d17.13
MinimumVisualStudioVersion = 10.0.40219.1
Project("{FAE04EC0-301F-11D3-BF4B-00C04F79EFBC}") = "Eshop.Console", "Eshop.Console\Eshop.Console.csproj", "{13A71765-3DC3-4A31-8C97-59AFBD833A00}"
EndProject
Project("{FAE04EC0-301F-11D3-BF4B-00C04F79EFBC}") = "Eshop.Domain", "Eshop.Domain\Eshop.Domain.csproj", "{F267213D-1A38-42CF-ADEC-7A21EE99AE40}"
EndProject
Project("{2150E333-8FDC-42A3-9474-1A3956D46DE8}") = "solution", "solution", "{02EA681E-C7D8-13C7-8484-4AC65E1B71E8}"
	ProjectSection(SolutionItems) = preProject
		.gitignore = .gitignore
		README.md = README.md
	EndProjectSection
EndProject
Project("{FAE04EC0-301F-11D3-BF4B-00C04F79EFBC}") = "Eshop.WebApi", "Eshop.WebApi\Eshop.WebApi.csproj", "{B0F1CF2D-BCD3-419C-ABBC-840A76C41B5B}"
EndProject
Global
	GlobalSection(SolutionConfigurationPlatforms) = preSolution
		Debug|Any CPU = Debug|Any CPU
		Release|Any CPU = Release|Any CPU
	EndGlobalSection
	GlobalSection(ProjectConfigurationPlatforms) = postSolution
		{13A71765-3DC3-4A31-8C97-59AFBD833A00}.Debug|Any CPU.ActiveCfg = Debug|Any CPU
		{13A71765-3DC3-4A31-8C97-59AFBD833A00}.Debug|Any CPU.Build.0 = Debug|Any CPU
		{13A71765-3DC3-4A31-8C97-59AFBD833A00}.Release|Any CPU.ActiveCfg = Release|Any CPU
		{13A71765-3DC3-4A31-8C97-59AFBD833A00}.Release|Any CPU.Build.0 = Release|Any CPU
		{F267213D-1A38-42CF-ADEC-7A21EE99AE40}.Debug|Any CPU.ActiveCfg = Debug|Any CPU
		{F267213D-1A38-42CF-ADEC-7A21EE99AE40}.Debug|Any CPU.Build.0 = Debug|Any CPU
		{F267213D-1A38-42CF-ADEC-7A21EE99AE40}.Release|Any CPU.ActiveCfg = Release|Any CPU
		{F267213D-1A38-42CF-ADEC-7A21EE99AE40}.Release|Any CPU.Build.0 = Release|Any CPU
		{B0F1CF2D-BCD3-419C-ABBC-840A76C41B5B}.Debug|Any CPU.ActiveCfg = Debug|Any CPU
		{B0F1CF2D-BCD3-419C-ABBC-840A76C41B5B}.Debug|Any CPU.Build.0 = Debug|Any CPU
		{B0F1CF2D-BCD3-419C-ABBC-840A76C41B5B}.Release|Any CPU.ActiveCfg = Release|Any CPU
		{B0F1CF2D-BCD3-419C-ABBC-840A76C41B5B}.Release|Any CPU.Build.0 = Release|Any CPU
	EndGlobalSection
	GlobalSection(SolutionProperties) = preSolution
		HideSolutionNode = FALSE
	EndGlobalSection
	GlobalSection(ExtensibilityGlobals) = postSolution
		SolutionGuid = {33FB79BE-DEB4-4239-B0DC-C21F6E5C286A}
	EndGlobalSection
EndGlobal
